
Microsoft Visual Studio Solution File, Format Version 12.00
# Visual Studio Version 17
VisualStudioVersion = 17.9.34728.123
MinimumVisualStudioVersion = 10.0.40219.1
Project("{8BC9CEB8-8B4A-11D0-8D11-00A0C91BC942}") = "codesoft_task2", "codesoft_task2\codesoft_task2.vcxproj", "{966122B7-6C39-46BE-AB6D-768E6F396302}"
EndProject
Global
	GlobalSection(SolutionConfigurationPlatforms) = preSolution
		Debug|x64 = Debug|x64
		Debug|x86 = Debug|x86
		Release|x64 = Release|x64
		Release|x86 = Release|x86
	EndGlobalSection
	GlobalSection(ProjectConfigurationPlatforms) = postSolution
		{966122B7-6C39-46BE-AB6D-768E6F396302}.Debug|x64.ActiveCfg = Debug|x64
		{966122B7-6C39-46BE-AB6D-768E6F396302}.Debug|x64.Build.0 = Debug|x64
		{966122B7-6C39-46BE-AB6D-768E6F396302}.Debug|x86.ActiveCfg = Debug|Win32
		{966122B7-6C39-46BE-AB6D-768E6F396302}.Debug|x86.Build.0 = Debug|Win32
		{966122B7-6C39-46BE-AB6D-768E6F396302}.Release|x64.ActiveCfg = Release|x64
		{966122B7-6C39-46BE-AB6D-768E6F396302}.Release|x64.Build.0 = Release|x64
		{966122B7-6C39-46BE-AB6D-768E6F396302}.Release|x86.ActiveCfg = Release|Win32
		{966122B7-6C39-46BE-AB6D-768E6F396302}.Release|x86.Build.0 = Release|Win32
	EndGlobalSection
	GlobalSection(SolutionProperties) = preSolution
		HideSolutionNode = FALSE
	EndGlobalSection
	GlobalSection(ExtensibilityGlobals) = postSolution
		SolutionGuid = {E8B358AE-647E-4CAC-8366-949E84355E1F}
	EndGlobalSection
EndGlobal
